
Microsoft Visual Studio Solution File, Format Version 12.00
# Visual Studio 15
VisualStudioVersion = 15.0.27703.2042
MinimumVisualStudioVersion = 10.0.40219.1
Project("{FAE04EC0-301F-11D3-BF4B-00C04F79EFBC}") = "TheCivicsProject", "TheCivicsProject\TheCivicsProject.csproj", "{2308C077-128C-44D8-8DA9-30E0DB9E6DE4}"
EndProject
Global
	GlobalSection(SolutionConfigurationPlatforms) = preSolution
		Debug|Any CPU = Debug|Any CPU
		Release|Any CPU = Release|Any CPU
	EndGlobalSection
	GlobalSection(ProjectConfigurationPlatforms) = postSolution
		{2308C077-128C-44D8-8DA9-30E0DB9E6DE4}.Debug|Any CPU.ActiveCfg = Debug|Any CPU
		{2308C077-128C-44D8-8DA9-30E0DB9E6DE4}.Debug|Any CPU.Build.0 = Debug|Any CPU
		{2308C077-128C-44D8-8DA9-30E0DB9E6DE4}.Release|Any CPU.ActiveCfg = Release|Any CPU
		{2308C077-128C-44D8-8DA9-30E0DB9E6DE4}.Release|Any CPU.Build.0 = Release|Any CPU
	EndGlobalSection
	GlobalSection(SolutionProperties) = preSolution
		HideSolutionNode = FALSE
	EndGlobalSection
	GlobalSection(ExtensibilityGlobals) = postSolution
		SolutionGuid = {09D9D770-9400-4B25-84B2-28FD7CBE219E}
	EndGlobalSection
EndGlobal
